
Microsoft Visual Studio Solution File, Format Version 12.00
# Visual Studio Version 16
VisualStudioVersion = 16.0.29123.88
MinimumVisualStudioVersion = 10.0.40219.1
Project("{FAE04EC0-301F-11D3-BF4B-00C04F79EFBC}") = "bilel2", "bilel2\bilel2.csproj", "{1EC685E7-035B-432D-BDA5-E985BE81481E}"
EndProject
Global
	GlobalSection(SolutionConfigurationPlatforms) = preSolution
		Debug|Any CPU = Debug|Any CPU
		Release|Any CPU = Release|Any CPU
	EndGlobalSection
	GlobalSection(ProjectConfigurationPlatforms) = postSolution
		{1EC685E7-035B-432D-BDA5-E985BE81481E}.Debug|Any CPU.ActiveCfg = Debug|Any CPU
		{1EC685E7-035B-432D-BDA5-E985BE81481E}.Debug|Any CPU.Build.0 = Debug|Any CPU
		{1EC685E7-035B-432D-BDA5-E985BE81481E}.Release|Any CPU.ActiveCfg = Release|Any CPU
		{1EC685E7-035B-432D-BDA5-E985BE81481E}.Release|Any CPU.Build.0 = Release|Any CPU
	EndGlobalSection
	GlobalSection(SolutionProperties) = preSolution
		HideSolutionNode = FALSE
	EndGlobalSection
	GlobalSection(ExtensibilityGlobals) = postSolution
		SolutionGuid = {7BDF6ABD-30EE-4F4E-86FC-B1F7AD94B6E2}
	EndGlobalSection
EndGlobal
